
Microsoft Visual Studio Solution File, Format Version 12.00
# Visual Studio Version 17
Project("{2150E333-8FDC-42A3-9474-1A3956D46DE8}") = "CMakePredefinedTargets", "CMakePredefinedTargets", "{759E4040-F750-3134-AF57-B9B573498E18}"
EndProject
Project("{2150E333-8FDC-42A3-9474-1A3956D46DE8}") = "External", "External", "{4DD0C2CA-D488-30BF-B395-C9AB967FC0F6}"
EndProject
Project("{2150E333-8FDC-42A3-9474-1A3956D46DE8}") = "Internal", "Internal", "{EC415B02-DFA3-322D-A12D-65A9F8765C87}"
EndProject
Project("{2150E333-8FDC-42A3-9474-1A3956D46DE8}") = "Utils", "Utils", "{206B7DC5-D3E2-387D-9B6A-A57EE6F3D268}"
EndProject
Project("{8BC9CEB8-8B4A-11D0-8D11-00A0C91BC942}") = "ALL_BUILD", "ALL_BUILD.vcxproj", "{FDAE4368-AD39-32D3-9EDC-3E0E72324DE8}"
	ProjectSection(ProjectDependencies) = postProject
		{617A120A-B1C9-34A9-BC0C-ADA870801638} = {617A120A-B1C9-34A9-BC0C-ADA870801638}
		{39AFFFEF-D36F-37C4-A0EC-8005B8C2DF4E} = {39AFFFEF-D36F-37C4-A0EC-8005B8C2DF4E}
		{03AB2C0A-1A66-32E2-B541-0C8E506ECB77} = {03AB2C0A-1A66-32E2-B541-0C8E506ECB77}
		{54ACA1BE-59F0-3F7F-B784-BE13742EB84B} = {54ACA1BE-59F0-3F7F-B784-BE13742EB84B}
		{D16FC139-EBD3-3070-AF04-9E0E8A5769BF} = {D16FC139-EBD3-3070-AF04-9E0E8A5769BF}
		{0A48818D-9DF7-30FB-87E7-FFE4780A8072} = {0A48818D-9DF7-30FB-87E7-FFE4780A8072}
		{D5C3855F-4B8F-3C5C-BFF9-401ADA379C99} = {D5C3855F-4B8F-3C5C-BFF9-401ADA379C99}
		{655E2D40-A48B-3636-B441-7815F570A7E1} = {655E2D40-A48B-3636-B441-7815F570A7E1}
		{4D001407-BCEE-38D1-B694-0DB9CBB53F49} = {4D001407-BCEE-38D1-B694-0DB9CBB53F49}
		{8F6ED1AE-9CAE-3C6D-A96E-602AB29F4580} = {8F6ED1AE-9CAE-3C6D-A96E-602AB29F4580}
		{FFA7E737-3744-3066-AB05-2677856A342E} = {FFA7E737-3744-3066-AB05-2677856A342E}
		{7A4C8985-CDD5-36A2-8EC3-BD01DB75207F} = {7A4C8985-CDD5-36A2-8EC3-BD01DB75207F}
		{38ABEE72-E7F0-3E9C-888E-C7FE1F303B86} = {38ABEE72-E7F0-3E9C-888E-C7FE1F303B86}
		{5FE97E9C-45D4-301D-AE84-DA495C2E5F5C} = {5FE97E9C-45D4-301D-AE84-DA495C2E5F5C}
		{C91DD01E-F43D-3D7E-9F00-66577631A15A} = {C91DD01E-F43D-3D7E-9F00-66577631A15A}
	EndProjectSection
EndProject
Project("{8BC9CEB8-8B4A-11D0-8D11-00A0C91BC942}") = "SYNC_RESOURCE-vgp230", "SYNC_RESOURCE-vgp230.vcxproj", "{617A120A-B1C9-34A9-BC0C-ADA870801638}"
	ProjectSection(ProjectDependencies) = postProject
		{39AFFFEF-D36F-37C4-A0EC-8005B8C2DF4E} = {39AFFFEF-D36F-37C4-A0EC-8005B8C2DF4E}
	EndProjectSection
EndProject
Project("{8BC9CEB8-8B4A-11D0-8D11-00A0C91BC942}") = "ZERO_CHECK", "ZERO_CHECK.vcxproj", "{39AFFFEF-D36F-37C4-A0EC-8005B8C2DF4E}"
	ProjectSection(ProjectDependencies) = postProject
	EndProjectSection
EndProject
Project("{8BC9CEB8-8B4A-11D0-8D11-00A0C91BC942}") = "cocos2d", "engine\cocos\core\cocos2d.vcxproj", "{03AB2C0A-1A66-32E2-B541-0C8E506ECB77}"
	ProjectSection(ProjectDependencies) = postProject
		{39AFFFEF-D36F-37C4-A0EC-8005B8C2DF4E} = {39AFFFEF-D36F-37C4-A0EC-8005B8C2DF4E}
		{54ACA1BE-59F0-3F7F-B784-BE13742EB84B} = {54ACA1BE-59F0-3F7F-B784-BE13742EB84B}
		{D16FC139-EBD3-3070-AF04-9E0E8A5769BF} = {D16FC139-EBD3-3070-AF04-9E0E8A5769BF}
		{0A48818D-9DF7-30FB-87E7-FFE4780A8072} = {0A48818D-9DF7-30FB-87E7-FFE4780A8072}
		{D5C3855F-4B8F-3C5C-BFF9-401ADA379C99} = {D5C3855F-4B8F-3C5C-BFF9-401ADA379C99}
		{655E2D40-A48B-3636-B441-7815F570A7E1} = {655E2D40-A48B-3636-B441-7815F570A7E1}
		{4D001407-BCEE-38D1-B694-0DB9CBB53F49} = {4D001407-BCEE-38D1-B694-0DB9CBB53F49}
		{8F6ED1AE-9CAE-3C6D-A96E-602AB29F4580} = {8F6ED1AE-9CAE-3C6D-A96E-602AB29F4580}
		{FFA7E737-3744-3066-AB05-2677856A342E} = {FFA7E737-3744-3066-AB05-2677856A342E}
		{7A4C8985-CDD5-36A2-8EC3-BD01DB75207F} = {7A4C8985-CDD5-36A2-8EC3-BD01DB75207F}
		{38ABEE72-E7F0-3E9C-888E-C7FE1F303B86} = {38ABEE72-E7F0-3E9C-888E-C7FE1F303B86}
		{5FE97E9C-45D4-301D-AE84-DA495C2E5F5C} = {5FE97E9C-45D4-301D-AE84-DA495C2E5F5C}
	EndProjectSection
EndProject
Project("{8BC9CEB8-8B4A-11D0-8D11-00A0C91BC942}") = "ext_clipper", "engine\external\clipper\ext_clipper.vcxproj", "{54ACA1BE-59F0-3F7F-B784-BE13742EB84B}"
	ProjectSection(ProjectDependencies) = postProject
		{39AFFFEF-D36F-37C4-A0EC-8005B8C2DF4E} = {39AFFFEF-D36F-37C4-A0EC-8005B8C2DF4E}
	EndProjectSection
EndProject
Project("{8BC9CEB8-8B4A-11D0-8D11-00A0C91BC942}") = "ext_convertUTF", "engine\external\ConvertUTF\ext_convertUTF.vcxproj", "{D16FC139-EBD3-3070-AF04-9E0E8A5769BF}"
	ProjectSection(ProjectDependencies) = postProject
		{39AFFFEF-D36F-37C4-A0EC-8005B8C2DF4E} = {39AFFFEF-D36F-37C4-A0EC-8005B8C2DF4E}
	EndProjectSection
EndProject
Project("{8BC9CEB8-8B4A-11D0-8D11-00A0C91BC942}") = "ext_edtaa3func", "engine\external\edtaa3func\ext_edtaa3func.vcxproj", "{0A48818D-9DF7-30FB-87E7-FFE4780A8072}"
	ProjectSection(ProjectDependencies) = postProject
		{39AFFFEF-D36F-37C4-A0EC-8005B8C2DF4E} = {39AFFFEF-D36F-37C4-A0EC-8005B8C2DF4E}
	EndProjectSection
EndProject
Project("{8BC9CEB8-8B4A-11D0-8D11-00A0C91BC942}") = "ext_md5", "engine\external\md5\ext_md5.vcxproj", "{D5C3855F-4B8F-3C5C-BFF9-401ADA379C99}"
	ProjectSection(ProjectDependencies) = postProject
		{39AFFFEF-D36F-37C4-A0EC-8005B8C2DF4E} = {39AFFFEF-D36F-37C4-A0EC-8005B8C2DF4E}
	EndProjectSection
EndProject
Project("{8BC9CEB8-8B4A-11D0-8D11-00A0C91BC942}") = "ext_poly2tri", "engine\external\poly2tri\ext_poly2tri.vcxproj", "{655E2D40-A48B-3636-B441-7815F570A7E1}"
	ProjectSection(ProjectDependencies) = postProject
		{39AFFFEF-D36F-37C4-A0EC-8005B8C2DF4E} = {39AFFFEF-D36F-37C4-A0EC-8005B8C2DF4E}
	EndProjectSection
EndProject
Project("{8BC9CEB8-8B4A-11D0-8D11-00A0C91BC942}") = "ext_recast", "engine\external\recast\ext_recast.vcxproj", "{4D001407-BCEE-38D1-B694-0DB9CBB53F49}"
	ProjectSection(ProjectDependencies) = postProject
		{39AFFFEF-D36F-37C4-A0EC-8005B8C2DF4E} = {39AFFFEF-D36F-37C4-A0EC-8005B8C2DF4E}
	EndProjectSection
EndProject
Project("{8BC9CEB8-8B4A-11D0-8D11-00A0C91BC942}") = "ext_tinyxml2", "engine\external\tinyxml2\ext_tinyxml2.vcxproj", "{8F6ED1AE-9CAE-3C6D-A96E-602AB29F4580}"
	ProjectSection(ProjectDependencies) = postProject
		{39AFFFEF-D36F-37C4-A0EC-8005B8C2DF4E} = {39AFFFEF-D36F-37C4-A0EC-8005B8C2DF4E}
	EndProjectSection
EndProject
Project("{8BC9CEB8-8B4A-11D0-8D11-00A0C91BC942}") = "ext_unzip", "engine\external\unzip\ext_unzip.vcxproj", "{FFA7E737-3744-3066-AB05-2677856A342E}"
	ProjectSection(ProjectDependencies) = postProject
		{39AFFFEF-D36F-37C4-A0EC-8005B8C2DF4E} = {39AFFFEF-D36F-37C4-A0EC-8005B8C2DF4E}
	EndProjectSection
EndProject
Project("{8BC9CEB8-8B4A-11D0-8D11-00A0C91BC942}") = "ext_xxhash", "engine\external\xxhash\ext_xxhash.vcxproj", "{7A4C8985-CDD5-36A2-8EC3-BD01DB75207F}"
	ProjectSection(ProjectDependencies) = postProject
		{39AFFFEF-D36F-37C4-A0EC-8005B8C2DF4E} = {39AFFFEF-D36F-37C4-A0EC-8005B8C2DF4E}
	EndProjectSection
EndProject
Project("{8BC9CEB8-8B4A-11D0-8D11-00A0C91BC942}") = "ext_xxtea", "engine\external\xxtea\ext_xxtea.vcxproj", "{38ABEE72-E7F0-3E9C-888E-C7FE1F303B86}"
	ProjectSection(ProjectDependencies) = postProject
		{39AFFFEF-D36F-37C4-A0EC-8005B8C2DF4E} = {39AFFFEF-D36F-37C4-A0EC-8005B8C2DF4E}
	EndProjectSection
EndProject
Project("{8BC9CEB8-8B4A-11D0-8D11-00A0C91BC942}") = "external", "engine\external\external.vcxproj", "{5FE97E9C-45D4-301D-AE84-DA495C2E5F5C}"
	ProjectSection(ProjectDependencies) = postProject
		{39AFFFEF-D36F-37C4-A0EC-8005B8C2DF4E} = {39AFFFEF-D36F-37C4-A0EC-8005B8C2DF4E}
		{54ACA1BE-59F0-3F7F-B784-BE13742EB84B} = {54ACA1BE-59F0-3F7F-B784-BE13742EB84B}
		{D16FC139-EBD3-3070-AF04-9E0E8A5769BF} = {D16FC139-EBD3-3070-AF04-9E0E8A5769BF}
		{0A48818D-9DF7-30FB-87E7-FFE4780A8072} = {0A48818D-9DF7-30FB-87E7-FFE4780A8072}
		{D5C3855F-4B8F-3C5C-BFF9-401ADA379C99} = {D5C3855F-4B8F-3C5C-BFF9-401ADA379C99}
		{655E2D40-A48B-3636-B441-7815F570A7E1} = {655E2D40-A48B-3636-B441-7815F570A7E1}
		{4D001407-BCEE-38D1-B694-0DB9CBB53F49} = {4D001407-BCEE-38D1-B694-0DB9CBB53F49}
		{8F6ED1AE-9CAE-3C6D-A96E-602AB29F4580} = {8F6ED1AE-9CAE-3C6D-A96E-602AB29F4580}
		{FFA7E737-3744-3066-AB05-2677856A342E} = {FFA7E737-3744-3066-AB05-2677856A342E}
		{7A4C8985-CDD5-36A2-8EC3-BD01DB75207F} = {7A4C8985-CDD5-36A2-8EC3-BD01DB75207F}
		{38ABEE72-E7F0-3E9C-888E-C7FE1F303B86} = {38ABEE72-E7F0-3E9C-888E-C7FE1F303B86}
	EndProjectSection
EndProject
Project("{8BC9CEB8-8B4A-11D0-8D11-00A0C91BC942}") = "vgp230", "vgp230.vcxproj", "{C91DD01E-F43D-3D7E-9F00-66577631A15A}"
	ProjectSection(ProjectDependencies) = postProject
		{617A120A-B1C9-34A9-BC0C-ADA870801638} = {617A120A-B1C9-34A9-BC0C-ADA870801638}
		{39AFFFEF-D36F-37C4-A0EC-8005B8C2DF4E} = {39AFFFEF-D36F-37C4-A0EC-8005B8C2DF4E}
		{03AB2C0A-1A66-32E2-B541-0C8E506ECB77} = {03AB2C0A-1A66-32E2-B541-0C8E506ECB77}
		{54ACA1BE-59F0-3F7F-B784-BE13742EB84B} = {54ACA1BE-59F0-3F7F-B784-BE13742EB84B}
		{D16FC139-EBD3-3070-AF04-9E0E8A5769BF} = {D16FC139-EBD3-3070-AF04-9E0E8A5769BF}
		{0A48818D-9DF7-30FB-87E7-FFE4780A8072} = {0A48818D-9DF7-30FB-87E7-FFE4780A8072}
		{D5C3855F-4B8F-3C5C-BFF9-401ADA379C99} = {D5C3855F-4B8F-3C5C-BFF9-401ADA379C99}
		{655E2D40-A48B-3636-B441-7815F570A7E1} = {655E2D40-A48B-3636-B441-7815F570A7E1}
		{4D001407-BCEE-38D1-B694-0DB9CBB53F49} = {4D001407-BCEE-38D1-B694-0DB9CBB53F49}
		{8F6ED1AE-9CAE-3C6D-A96E-602AB29F4580} = {8F6ED1AE-9CAE-3C6D-A96E-602AB29F4580}
		{FFA7E737-3744-3066-AB05-2677856A342E} = {FFA7E737-3744-3066-AB05-2677856A342E}
		{7A4C8985-CDD5-36A2-8EC3-BD01DB75207F} = {7A4C8985-CDD5-36A2-8EC3-BD01DB75207F}
		{38ABEE72-E7F0-3E9C-888E-C7FE1F303B86} = {38ABEE72-E7F0-3E9C-888E-C7FE1F303B86}
		{5FE97E9C-45D4-301D-AE84-DA495C2E5F5C} = {5FE97E9C-45D4-301D-AE84-DA495C2E5F5C}
	EndProjectSection
EndProject
Global
	GlobalSection(SolutionConfigurationPlatforms) = preSolution
		Debug|Win32 = Debug|Win32
		Release|Win32 = Release|Win32
		MinSizeRel|Win32 = MinSizeRel|Win32
		RelWithDebInfo|Win32 = RelWithDebInfo|Win32
	EndGlobalSection
	GlobalSection(ProjectConfigurationPlatforms) = postSolution
		{FDAE4368-AD39-32D3-9EDC-3E0E72324DE8}.Debug|Win32.ActiveCfg = Debug|Win32
		{FDAE4368-AD39-32D3-9EDC-3E0E72324DE8}.Release|Win32.ActiveCfg = Release|Win32
		{FDAE4368-AD39-32D3-9EDC-3E0E72324DE8}.MinSizeRel|Win32.ActiveCfg = MinSizeRel|Win32
		{FDAE4368-AD39-32D3-9EDC-3E0E72324DE8}.RelWithDebInfo|Win32.ActiveCfg = RelWithDebInfo|Win32
		{617A120A-B1C9-34A9-BC0C-ADA870801638}.Debug|Win32.ActiveCfg = Debug|Win32
		{617A120A-B1C9-34A9-BC0C-ADA870801638}.Debug|Win32.Build.0 = Debug|Win32
		{617A120A-B1C9-34A9-BC0C-ADA870801638}.Release|Win32.ActiveCfg = Release|Win32
		{617A120A-B1C9-34A9-BC0C-ADA870801638}.Release|Win32.Build.0 = Release|Win32
		{617A120A-B1C9-34A9-BC0C-ADA870801638}.MinSizeRel|Win32.ActiveCfg = MinSizeRel|Win32
		{617A120A-B1C9-34A9-BC0C-ADA870801638}.MinSizeRel|Win32.Build.0 = MinSizeRel|Win32
		{617A120A-B1C9-34A9-BC0C-ADA870801638}.RelWithDebInfo|Win32.ActiveCfg = RelWithDebInfo|Win32
		{617A120A-B1C9-34A9-BC0C-ADA870801638}.RelWithDebInfo|Win32.Build.0 = RelWithDebInfo|Win32
		{39AFFFEF-D36F-37C4-A0EC-8005B8C2DF4E}.Debug|Win32.ActiveCfg = Debug|Win32
		{39AFFFEF-D36F-37C4-A0EC-8005B8C2DF4E}.Debug|Win32.Build.0 = Debug|Win32
		{39AFFFEF-D36F-37C4-A0EC-8005B8C2DF4E}.Release|Win32.ActiveCfg = Release|Win32
		{39AFFFEF-D36F-37C4-A0EC-8005B8C2DF4E}.Release|Win32.Build.0 = Release|Win32
		{39AFFFEF-D36F-37C4-A0EC-8005B8C2DF4E}.MinSizeRel|Win32.ActiveCfg = MinSizeRel|Win32
		{39AFFFEF-D36F-37C4-A0EC-8005B8C2DF4E}.MinSizeRel|Win32.Build.0 = MinSizeRel|Win32
		{39AFFFEF-D36F-37C4-A0EC-8005B8C2DF4E}.RelWithDebInfo|Win32.ActiveCfg = RelWithDebInfo|Win32
		{39AFFFEF-D36F-37C4-A0EC-8005B8C2DF4E}.RelWithDebInfo|Win32.Build.0 = RelWithDebInfo|Win32
		{03AB2C0A-1A66-32E2-B541-0C8E506ECB77}.Debug|Win32.ActiveCfg = Debug|Win32
		{03AB2C0A-1A66-32E2-B541-0C8E506ECB77}.Debug|Win32.Build.0 = Debug|Win32
		{03AB2C0A-1A66-32E2-B541-0C8E506ECB77}.Release|Win32.ActiveCfg = Release|Win32
		{03AB2C0A-1A66-32E2-B541-0C8E506ECB77}.Release|Win32.Build.0 = Release|Win32
		{03AB2C0A-1A66-32E2-B541-0C8E506ECB77}.MinSizeRel|Win32.ActiveCfg = MinSizeRel|Win32
		{03AB2C0A-1A66-32E2-B541-0C8E506ECB77}.MinSizeRel|Win32.Build.0 = MinSizeRel|Win32
		{03AB2C0A-1A66-32E2-B541-0C8E506ECB77}.RelWithDebInfo|Win32.ActiveCfg = RelWithDebInfo|Win32
		{03AB2C0A-1A66-32E2-B541-0C8E506ECB77}.RelWithDebInfo|Win32.Build.0 = RelWithDebInfo|Win32
		{54ACA1BE-59F0-3F7F-B784-BE13742EB84B}.Debug|Win32.ActiveCfg = Debug|Win32
		{54ACA1BE-59F0-3F7F-B784-BE13742EB84B}.Debug|Win32.Build.0 = Debug|Win32
		{54ACA1BE-59F0-3F7F-B784-BE13742EB84B}.Release|Win32.ActiveCfg = Release|Win32
		{54ACA1BE-59F0-3F7F-B784-BE13742EB84B}.Release|Win32.Build.0 = Release|Win32
		{54ACA1BE-59F0-3F7F-B784-BE13742EB84B}.MinSizeRel|Win32.ActiveCfg = MinSizeRel|Win32
		{54ACA1BE-59F0-3F7F-B784-BE13742EB84B}.MinSizeRel|Win32.Build.0 = MinSizeRel|Win32
		{54ACA1BE-59F0-3F7F-B784-BE13742EB84B}.RelWithDebInfo|Win32.ActiveCfg = RelWithDebInfo|Win32
		{54ACA1BE-59F0-3F7F-B784-BE13742EB84B}.RelWithDebInfo|Win32.Build.0 = RelWithDebInfo|Win32
		{D16FC139-EBD3-3070-AF04-9E0E8A5769BF}.Debug|Win32.ActiveCfg = Debug|Win32
		{D16FC139-EBD3-3070-AF04-9E0E8A5769BF}.Debug|Win32.Build.0 = Debug|Win32
		{D16FC139-EBD3-3070-AF04-9E0E8A5769BF}.Release|Win32.ActiveCfg = Release|Win32
		{D16FC139-EBD3-3070-AF04-9E0E8A5769BF}.Release|Win32.Build.0 = Release|Win32
		{D16FC139-EBD3-3070-AF04-9E0E8A5769BF}.MinSizeRel|Win32.ActiveCfg = MinSizeRel|Win32
		{D16FC139-EBD3-3070-AF04-9E0E8A5769BF}.MinSizeRel|Win32.Build.0 = MinSizeRel|Win32
		{D16FC139-EBD3-3070-AF04-9E0E8A5769BF}.RelWithDebInfo|Win32.ActiveCfg = RelWithDebInfo|Win32
		{D16FC139-EBD3-3070-AF04-9E0E8A5769BF}.RelWithDebInfo|Win32.Build.0 = RelWithDebInfo|Win32
		{0A48818D-9DF7-30FB-87E7-FFE4780A8072}.Debug|Win32.ActiveCfg = Debug|Win32
		{0A48818D-9DF7-30FB-87E7-FFE4780A8072}.Debug|Win32.Build.0 = Debug|Win32
		{0A48818D-9DF7-30FB-87E7-FFE4780A8072}.Release|Win32.ActiveCfg = Release|Win32
		{0A48818D-9DF7-30FB-87E7-FFE4780A8072}.Release|Win32.Build.0 = Release|Win32
		{0A48818D-9DF7-30FB-87E7-FFE4780A8072}.MinSizeRel|Win32.ActiveCfg = MinSizeRel|Win32
		{0A48818D-9DF7-30FB-87E7-FFE4780A8072}.MinSizeRel|Win32.Build.0 = MinSizeRel|Win32
		{0A48818D-9DF7-30FB-87E7-FFE4780A8072}.RelWithDebInfo|Win32.ActiveCfg = RelWithDebInfo|Win32
		{0A48818D-9DF7-30FB-87E7-FFE4780A8072}.RelWithDebInfo|Win32.Build.0 = RelWithDebInfo|Win32
		{D5C3855F-4B8F-3C5C-BFF9-401ADA379C99}.Debug|Win32.ActiveCfg = Debug|Win32
		{D5C3855F-4B8F-3C5C-BFF9-401ADA379C99}.Debug|Win32.Build.0 = Debug|Win32
		{D5C3855F-4B8F-3C5C-BFF9-401ADA379C99}.Release|Win32.ActiveCfg = Release|Win32
		{D5C3855F-4B8F-3C5C-BFF9-401ADA379C99}.Release|Win32.Build.0 = Release|Win32
		{D5C3855F-4B8F-3C5C-BFF9-401ADA379C99}.MinSizeRel|Win32.ActiveCfg = MinSizeRel|Win32
		{D5C3855F-4B8F-3C5C-BFF9-401ADA379C99}.MinSizeRel|Win32.Build.0 = MinSizeRel|Win32
		{D5C3855F-4B8F-3C5C-BFF9-401ADA379C99}.RelWithDebInfo|Win32.ActiveCfg = RelWithDebInfo|Win32
		{D5C3855F-4B8F-3C5C-BFF9-401ADA379C99}.RelWithDebInfo|Win32.Build.0 = RelWithDebInfo|Win32
		{655E2D40-A48B-3636-B441-7815F570A7E1}.Debug|Win32.ActiveCfg = Debug|Win32
		{655E2D40-A48B-3636-B441-7815F570A7E1}.Debug|Win32.Build.0 = Debug|Win32
		{655E2D40-A48B-3636-B441-7815F570A7E1}.Release|Win32.ActiveCfg = Release|Win32
		{655E2D40-A48B-3636-B441-7815F570A7E1}.Release|Win32.Build.0 = Release|Win32
		{655E2D40-A48B-3636-B441-7815F570A7E1}.MinSizeRel|Win32.ActiveCfg = MinSizeRel|Win32
		{655E2D40-A48B-3636-B441-7815F570A7E1}.MinSizeRel|Win32.Build.0 = MinSizeRel|Win32
		{655E2D40-A48B-3636-B441-7815F570A7E1}.RelWithDebInfo|Win32.ActiveCfg = RelWithDebInfo|Win32
		{655E2D40-A48B-3636-B441-7815F570A7E1}.RelWithDebInfo|Win32.Build.0 = RelWithDebInfo|Win32
		{4D001407-BCEE-38D1-B694-0DB9CBB53F49}.Debug|Win32.ActiveCfg = Debug|Win32
		{4D001407-BCEE-38D1-B694-0DB9CBB53F49}.Debug|Win32.Build.0 = Debug|Win32
		{4D001407-BCEE-38D1-B694-0DB9CBB53F49}.Release|Win32.ActiveCfg = Release|Win32
		{4D001407-BCEE-38D1-B694-0DB9CBB53F49}.Release|Win32.Build.0 = Release|Win32
		{4D001407-BCEE-38D1-B694-0DB9CBB53F49}.MinSizeRel|Win32.ActiveCfg = MinSizeRel|Win32
		{4D001407-BCEE-38D1-B694-0DB9CBB53F49}.MinSizeRel|Win32.Build.0 = MinSizeRel|Win32
		{4D001407-BCEE-38D1-B694-0DB9CBB53F49}.RelWithDebInfo|Win32.ActiveCfg = RelWithDebInfo|Win32
		{4D001407-BCEE-38D1-B694-0DB9CBB53F49}.RelWithDebInfo|Win32.Build.0 = RelWithDebInfo|Win32
		{8F6ED1AE-9CAE-3C6D-A96E-602AB29F4580}.Debug|Win32.ActiveCfg = Debug|Win32
		{8F6ED1AE-9CAE-3C6D-A96E-602AB29F4580}.Debug|Win32.Build.0 = Debug|Win32
		{8F6ED1AE-9CAE-3C6D-A96E-602AB29F4580}.Release|Win32.ActiveCfg = Release|Win32
		{8F6ED1AE-9CAE-3C6D-A96E-602AB29F4580}.Release|Win32.Build.0 = Release|Win32
		{8F6ED1AE-9CAE-3C6D-A96E-602AB29F4580}.MinSizeRel|Win32.ActiveCfg = MinSizeRel|Win32
		{8F6ED1AE-9CAE-3C6D-A96E-602AB29F4580}.MinSizeRel|Win32.Build.0 = MinSizeRel|Win32
		{8F6ED1AE-9CAE-3C6D-A96E-602AB29F4580}.RelWithDebInfo|Win32.ActiveCfg = RelWithDebInfo|Win32
		{8F6ED1AE-9CAE-3C6D-A96E-602AB29F4580}.RelWithDebInfo|Win32.Build.0 = RelWithDebInfo|Win32
		{FFA7E737-3744-3066-AB05-2677856A342E}.Debug|Win32.ActiveCfg = Debug|Win32
		{FFA7E737-3744-3066-AB05-2677856A342E}.Debug|Win32.Build.0 = Debug|Win32
		{FFA7E737-3744-3066-AB05-2677856A342E}.Release|Win32.ActiveCfg = Release|Win32
		{FFA7E737-3744-3066-AB05-2677856A342E}.Release|Win32.Build.0 = Release|Win32
		{FFA7E737-3744-3066-AB05-2677856A342E}.MinSizeRel|Win32.ActiveCfg = MinSizeRel|Win32
		{FFA7E737-3744-3066-AB05-2677856A342E}.MinSizeRel|Win32.Build.0 = MinSizeRel|Win32
		{FFA7E737-3744-3066-AB05-2677856A342E}.RelWithDebInfo|Win32.ActiveCfg = RelWithDebInfo|Win32
		{FFA7E737-3744-3066-AB05-2677856A342E}.RelWithDebInfo|Win32.Build.0 = RelWithDebInfo|Win32
		{7A4C8985-CDD5-36A2-8EC3-BD01DB75207F}.Debug|Win32.ActiveCfg = Debug|Win32
		{7A4C8985-CDD5-36A2-8EC3-BD01DB75207F}.Debug|Win32.Build.0 = Debug|Win32
		{7A4C8985-CDD5-36A2-8EC3-BD01DB75207F}.Release|Win32.ActiveCfg = Release|Win32
		{7A4C8985-CDD5-36A2-8EC3-BD01DB75207F}.Release|Win32.Build.0 = Release|Win32
		{7A4C8985-CDD5-36A2-8EC3-BD01DB75207F}.MinSizeRel|Win32.ActiveCfg = MinSizeRel|Win32
		{7A4C8985-CDD5-36A2-8EC3-BD01DB75207F}.MinSizeRel|Win32.Build.0 = MinSizeRel|Win32
		{7A4C8985-CDD5-36A2-8EC3-BD01DB75207F}.RelWithDebInfo|Win32.ActiveCfg = RelWithDebInfo|Win32
		{7A4C8985-CDD5-36A2-8EC3-BD01DB75207F}.RelWithDebInfo|Win32.Build.0 = RelWithDebInfo|Win32
		{38ABEE72-E7F0-3E9C-888E-C7FE1F303B86}.Debug|Win32.ActiveCfg = Debug|Win32
		{38ABEE72-E7F0-3E9C-888E-C7FE1F303B86}.Debug|Win32.Build.0 = Debug|Win32
		{38ABEE72-E7F0-3E9C-888E-C7FE1F303B86}.Release|Win32.ActiveCfg = Release|Win32
		{38ABEE72-E7F0-3E9C-888E-C7FE1F303B86}.Release|Win32.Build.0 = Release|Win32
		{38ABEE72-E7F0-3E9C-888E-C7FE1F303B86}.MinSizeRel|Win32.ActiveCfg = MinSizeRel|Win32
		{38ABEE72-E7F0-3E9C-888E-C7FE1F303B86}.MinSizeRel|Win32.Build.0 = MinSizeRel|Win32
		{38ABEE72-E7F0-3E9C-888E-C7FE1F303B86}.RelWithDebInfo|Win32.ActiveCfg = RelWithDebInfo|Win32
		{38ABEE72-E7F0-3E9C-888E-C7FE1F303B86}.RelWithDebInfo|Win32.Build.0 = RelWithDebInfo|Win32
		{5FE97E9C-45D4-301D-AE84-DA495C2E5F5C}.Debug|Win32.ActiveCfg = Debug|Win32
		{5FE97E9C-45D4-301D-AE84-DA495C2E5F5C}.Debug|Win32.Build.0 = Debug|Win32
		{5FE97E9C-45D4-301D-AE84-DA495C2E5F5C}.Release|Win32.ActiveCfg = Release|Win32
		{5FE97E9C-45D4-301D-AE84-DA495C2E5F5C}.Release|Win32.Build.0 = Release|Win32
		{5FE97E9C-45D4-301D-AE84-DA495C2E5F5C}.MinSizeRel|Win32.ActiveCfg = MinSizeRel|Win32
		{5FE97E9C-45D4-301D-AE84-DA495C2E5F5C}.MinSizeRel|Win32.Build.0 = MinSizeRel|Win32
		{5FE97E9C-45D4-301D-AE84-DA495C2E5F5C}.RelWithDebInfo|Win32.ActiveCfg = RelWithDebInfo|Win32
		{5FE97E9C-45D4-301D-AE84-DA495C2E5F5C}.RelWithDebInfo|Win32.Build.0 = RelWithDebInfo|Win32
		{C91DD01E-F43D-3D7E-9F00-66577631A15A}.Debug|Win32.ActiveCfg = Debug|Win32
		{C91DD01E-F43D-3D7E-9F00-66577631A15A}.Debug|Win32.Build.0 = Debug|Win32
		{C91DD01E-F43D-3D7E-9F00-66577631A15A}.Release|Win32.ActiveCfg = Release|Win32
		{C91DD01E-F43D-3D7E-9F00-66577631A15A}.Release|Win32.Build.0 = Release|Win32
		{C91DD01E-F43D-3D7E-9F00-66577631A15A}.MinSizeRel|Win32.ActiveCfg = MinSizeRel|Win32
		{C91DD01E-F43D-3D7E-9F00-66577631A15A}.MinSizeRel|Win32.Build.0 = MinSizeRel|Win32
		{C91DD01E-F43D-3D7E-9F00-66577631A15A}.RelWithDebInfo|Win32.ActiveCfg = RelWithDebInfo|Win32
		{C91DD01E-F43D-3D7E-9F00-66577631A15A}.RelWithDebInfo|Win32.Build.0 = RelWithDebInfo|Win32
	EndGlobalSection
	GlobalSection(NestedProjects) = preSolution
		{FDAE4368-AD39-32D3-9EDC-3E0E72324DE8} = {759E4040-F750-3134-AF57-B9B573498E18}
		{39AFFFEF-D36F-37C4-A0EC-8005B8C2DF4E} = {759E4040-F750-3134-AF57-B9B573498E18}
		{54ACA1BE-59F0-3F7F-B784-BE13742EB84B} = {4DD0C2CA-D488-30BF-B395-C9AB967FC0F6}
		{D16FC139-EBD3-3070-AF04-9E0E8A5769BF} = {4DD0C2CA-D488-30BF-B395-C9AB967FC0F6}
		{0A48818D-9DF7-30FB-87E7-FFE4780A8072} = {4DD0C2CA-D488-30BF-B395-C9AB967FC0F6}
		{D5C3855F-4B8F-3C5C-BFF9-401ADA379C99} = {4DD0C2CA-D488-30BF-B395-C9AB967FC0F6}
		{655E2D40-A48B-3636-B441-7815F570A7E1} = {4DD0C2CA-D488-30BF-B395-C9AB967FC0F6}
		{4D001407-BCEE-38D1-B694-0DB9CBB53F49} = {4DD0C2CA-D488-30BF-B395-C9AB967FC0F6}
		{8F6ED1AE-9CAE-3C6D-A96E-602AB29F4580} = {4DD0C2CA-D488-30BF-B395-C9AB967FC0F6}
		{FFA7E737-3744-3066-AB05-2677856A342E} = {4DD0C2CA-D488-30BF-B395-C9AB967FC0F6}
		{7A4C8985-CDD5-36A2-8EC3-BD01DB75207F} = {4DD0C2CA-D488-30BF-B395-C9AB967FC0F6}
		{38ABEE72-E7F0-3E9C-888E-C7FE1F303B86} = {4DD0C2CA-D488-30BF-B395-C9AB967FC0F6}
		{5FE97E9C-45D4-301D-AE84-DA495C2E5F5C} = {4DD0C2CA-D488-30BF-B395-C9AB967FC0F6}
		{03AB2C0A-1A66-32E2-B541-0C8E506ECB77} = {EC415B02-DFA3-322D-A12D-65A9F8765C87}
		{617A120A-B1C9-34A9-BC0C-ADA870801638} = {206B7DC5-D3E2-387D-9B6A-A57EE6F3D268}
	EndGlobalSection
	GlobalSection(ExtensibilityGlobals) = postSolution
		SolutionGuid = {963EAA13-F57B-34E8-8C7F-91429DB195C1}
	EndGlobalSection
	GlobalSection(ExtensibilityAddIns) = postSolution
	EndGlobalSection
EndGlobal
